
Microsoft Visual Studio Solution File, Format Version 12.00
# Visual Studio Version 16
VisualStudioVersion = 16.0.30104.148
MinimumVisualStudioVersion = 10.0.40219.1
Project("{FAE04EC0-301F-11D3-BF4B-00C04F79EFBC}") = "GuessHrvatskaV0.2", "GuessHrvatskaV0.2\GuessHrvatskaV0.2.csproj", "{DC8DD4E9-FEA8-43E1-9B06-4A96BC4CB780}"
	ProjectSection(ProjectDependencies) = postProject
		{3F5A1881-43FE-4D80-AC33-00CA649B2231} = {3F5A1881-43FE-4D80-AC33-00CA649B2231}
	EndProjectSection
EndProject
Project("{9A19103F-16F7-4668-BE54-9A1E7A4F7556}") = "Csv", "CsvLoader\Csv.csproj", "{3F5A1881-43FE-4D80-AC33-00CA649B2231}"
EndProject
Project("{FAE04EC0-301F-11D3-BF4B-00C04F79EFBC}") = "Company.PlaceUtils", "Company.PlaceUtils\Company.PlaceUtils.csproj", "{71C06F66-A1FA-4648-A50F-19CBB1DFBB41}"
EndProject
Global
	GlobalSection(SolutionConfigurationPlatforms) = preSolution
		Debug|Any CPU = Debug|Any CPU
		Release|Any CPU = Release|Any CPU
	EndGlobalSection
	GlobalSection(ProjectConfigurationPlatforms) = postSolution
		{DC8DD4E9-FEA8-43E1-9B06-4A96BC4CB780}.Debug|Any CPU.ActiveCfg = Debug|Any CPU
		{DC8DD4E9-FEA8-43E1-9B06-4A96BC4CB780}.Debug|Any CPU.Build.0 = Debug|Any CPU
		{DC8DD4E9-FEA8-43E1-9B06-4A96BC4CB780}.Release|Any CPU.ActiveCfg = Release|Any CPU
		{DC8DD4E9-FEA8-43E1-9B06-4A96BC4CB780}.Release|Any CPU.Build.0 = Release|Any CPU
		{3F5A1881-43FE-4D80-AC33-00CA649B2231}.Debug|Any CPU.ActiveCfg = Debug|Any CPU
		{3F5A1881-43FE-4D80-AC33-00CA649B2231}.Debug|Any CPU.Build.0 = Debug|Any CPU
		{3F5A1881-43FE-4D80-AC33-00CA649B2231}.Release|Any CPU.ActiveCfg = Release|Any CPU
		{3F5A1881-43FE-4D80-AC33-00CA649B2231}.Release|Any CPU.Build.0 = Release|Any CPU
		{71C06F66-A1FA-4648-A50F-19CBB1DFBB41}.Debug|Any CPU.ActiveCfg = Debug|Any CPU
		{71C06F66-A1FA-4648-A50F-19CBB1DFBB41}.Debug|Any CPU.Build.0 = Debug|Any CPU
		{71C06F66-A1FA-4648-A50F-19CBB1DFBB41}.Release|Any CPU.ActiveCfg = Release|Any CPU
		{71C06F66-A1FA-4648-A50F-19CBB1DFBB41}.Release|Any CPU.Build.0 = Release|Any CPU
	EndGlobalSection
	GlobalSection(SolutionProperties) = preSolution
		HideSolutionNode = FALSE
	EndGlobalSection
	GlobalSection(ExtensibilityGlobals) = postSolution
		SolutionGuid = {8F2CFB8B-FFA9-402B-B6C5-B439BC8CDB4A}
	EndGlobalSection
EndGlobal
